
Microsoft Visual Studio Solution File, Format Version 12.00
# Visual Studio 15
VisualStudioVersion = 15.0.27130.2010
MinimumVisualStudioVersion = 10.0.40219.1
Project("{8BC9CEB8-8B4A-11D0-8D11-00A0C91BC942}") = "Lab_1", "Project1\Project1.vcxproj", "{341BF49B-1544-4C01-AAAA-B44F2DCE94C4}"
EndProject
Project("{8BC9CEB8-8B4A-11D0-8D11-00A0C91BC942}") = "Lab_2", "Project2\Project2.vcxproj", "{0CEA6470-1AAC-461E-B86C-89A5DC8DB948}"
EndProject
Project("{8BC9CEB8-8B4A-11D0-8D11-00A0C91BC942}") = "Lab_3", "Project3\Project3.vcxproj", "{ECF5DA0E-F208-4688-8521-9A6A7638853A}"
EndProject
Project("{8BC9CEB8-8B4A-11D0-8D11-00A0C91BC942}") = "Lab_4", "Project4\Project4.vcxproj", "{447B09FF-DFFE-411F-84F8-D4B18A92D8ED}"
EndProject
Project("{8BC9CEB8-8B4A-11D0-8D11-00A0C91BC942}") = "Lab_5", "Lab_5\Lab_5.vcxproj", "{2D4B6E4E-8729-45D9-B538-FE9591C5722A}"
EndProject
Project("{8BC9CEB8-8B4A-11D0-8D11-00A0C91BC942}") = "Lab_6", "Lab_6\Lab_6.vcxproj", "{2BB3A73B-7392-4D0E-9D85-202B51BEBA50}"
EndProject
Project("{8BC9CEB8-8B4A-11D0-8D11-00A0C91BC942}") = "Kursovik", "Kursovik\Kursovik.vcxproj", "{14A902BE-92CB-4B4B-BE69-3701550D25F4}"
EndProject
Global
	GlobalSection(SolutionConfigurationPlatforms) = preSolution
		Debug|x64 = Debug|x64
		Debug|x86 = Debug|x86
		Release|x64 = Release|x64
		Release|x86 = Release|x86
	EndGlobalSection
	GlobalSection(ProjectConfigurationPlatforms) = postSolution
		{341BF49B-1544-4C01-AAAA-B44F2DCE94C4}.Debug|x64.ActiveCfg = Debug|x64
		{341BF49B-1544-4C01-AAAA-B44F2DCE94C4}.Debug|x64.Build.0 = Debug|x64
		{341BF49B-1544-4C01-AAAA-B44F2DCE94C4}.Debug|x86.ActiveCfg = Debug|Win32
		{341BF49B-1544-4C01-AAAA-B44F2DCE94C4}.Debug|x86.Build.0 = Debug|Win32
		{341BF49B-1544-4C01-AAAA-B44F2DCE94C4}.Release|x64.ActiveCfg = Release|x64
		{341BF49B-1544-4C01-AAAA-B44F2DCE94C4}.Release|x64.Build.0 = Release|x64
		{341BF49B-1544-4C01-AAAA-B44F2DCE94C4}.Release|x86.ActiveCfg = Release|Win32
		{341BF49B-1544-4C01-AAAA-B44F2DCE94C4}.Release|x86.Build.0 = Release|Win32
		{0CEA6470-1AAC-461E-B86C-89A5DC8DB948}.Debug|x64.ActiveCfg = Debug|x64
		{0CEA6470-1AAC-461E-B86C-89A5DC8DB948}.Debug|x64.Build.0 = Debug|x64
		{0CEA6470-1AAC-461E-B86C-89A5DC8DB948}.Debug|x86.ActiveCfg = Debug|Win32
		{0CEA6470-1AAC-461E-B86C-89A5DC8DB948}.Debug|x86.Build.0 = Debug|Win32
		{0CEA6470-1AAC-461E-B86C-89A5DC8DB948}.Release|x64.ActiveCfg = Release|x64
		{0CEA6470-1AAC-461E-B86C-89A5DC8DB948}.Release|x64.Build.0 = Release|x64
		{0CEA6470-1AAC-461E-B86C-89A5DC8DB948}.Release|x86.ActiveCfg = Release|Win32
		{0CEA6470-1AAC-461E-B86C-89A5DC8DB948}.Release|x86.Build.0 = Release|Win32
		{ECF5DA0E-F208-4688-8521-9A6A7638853A}.Debug|x64.ActiveCfg = Debug|x64
		{ECF5DA0E-F208-4688-8521-9A6A7638853A}.Debug|x64.Build.0 = Debug|x64
		{ECF5DA0E-F208-4688-8521-9A6A7638853A}.Debug|x86.ActiveCfg = Debug|Win32
		{ECF5DA0E-F208-4688-8521-9A6A7638853A}.Debug|x86.Build.0 = Debug|Win32
		{ECF5DA0E-F208-4688-8521-9A6A7638853A}.Release|x64.ActiveCfg = Release|x64
		{ECF5DA0E-F208-4688-8521-9A6A7638853A}.Release|x64.Build.0 = Release|x64
		{ECF5DA0E-F208-4688-8521-9A6A7638853A}.Release|x86.ActiveCfg = Release|Win32
		{ECF5DA0E-F208-4688-8521-9A6A7638853A}.Release|x86.Build.0 = Release|Win32
		{447B09FF-DFFE-411F-84F8-D4B18A92D8ED}.Debug|x64.ActiveCfg = Debug|x64
		{447B09FF-DFFE-411F-84F8-D4B18A92D8ED}.Debug|x64.Build.0 = Debug|x64
		{447B09FF-DFFE-411F-84F8-D4B18A92D8ED}.Debug|x86.ActiveCfg = Debug|Win32
		{447B09FF-DFFE-411F-84F8-D4B18A92D8ED}.Debug|x86.Build.0 = Debug|Win32
		{447B09FF-DFFE-411F-84F8-D4B18A92D8ED}.Release|x64.ActiveCfg = Release|x64
		{447B09FF-DFFE-411F-84F8-D4B18A92D8ED}.Release|x64.Build.0 = Release|x64
		{447B09FF-DFFE-411F-84F8-D4B18A92D8ED}.Release|x86.ActiveCfg = Release|Win32
		{447B09FF-DFFE-411F-84F8-D4B18A92D8ED}.Release|x86.Build.0 = Release|Win32
		{2D4B6E4E-8729-45D9-B538-FE9591C5722A}.Debug|x64.ActiveCfg = Debug|x64
		{2D4B6E4E-8729-45D9-B538-FE9591C5722A}.Debug|x64.Build.0 = Debug|x64
		{2D4B6E4E-8729-45D9-B538-FE9591C5722A}.Debug|x86.ActiveCfg = Debug|Win32
		{2D4B6E4E-8729-45D9-B538-FE9591C5722A}.Debug|x86.Build.0 = Debug|Win32
		{2D4B6E4E-8729-45D9-B538-FE9591C5722A}.Release|x64.ActiveCfg = Release|x64
		{2D4B6E4E-8729-45D9-B538-FE9591C5722A}.Release|x64.Build.0 = Release|x64
		{2D4B6E4E-8729-45D9-B538-FE9591C5722A}.Release|x86.ActiveCfg = Release|Win32
		{2D4B6E4E-8729-45D9-B538-FE9591C5722A}.Release|x86.Build.0 = Release|Win32
		{2BB3A73B-7392-4D0E-9D85-202B51BEBA50}.Debug|x64.ActiveCfg = Debug|x64
		{2BB3A73B-7392-4D0E-9D85-202B51BEBA50}.Debug|x64.Build.0 = Debug|x64
		{2BB3A73B-7392-4D0E-9D85-202B51BEBA50}.Debug|x86.ActiveCfg = Debug|Win32
		{2BB3A73B-7392-4D0E-9D85-202B51BEBA50}.Debug|x86.Build.0 = Debug|Win32
		{2BB3A73B-7392-4D0E-9D85-202B51BEBA50}.Release|x64.ActiveCfg = Release|x64
		{2BB3A73B-7392-4D0E-9D85-202B51BEBA50}.Release|x64.Build.0 = Release|x64
		{2BB3A73B-7392-4D0E-9D85-202B51BEBA50}.Release|x86.ActiveCfg = Release|Win32
		{2BB3A73B-7392-4D0E-9D85-202B51BEBA50}.Release|x86.Build.0 = Release|Win32
		{14A902BE-92CB-4B4B-BE69-3701550D25F4}.Debug|x64.ActiveCfg = Debug|x64
		{14A902BE-92CB-4B4B-BE69-3701550D25F4}.Debug|x64.Build.0 = Debug|x64
		{14A902BE-92CB-4B4B-BE69-3701550D25F4}.Debug|x86.ActiveCfg = Debug|Win32
		{14A902BE-92CB-4B4B-BE69-3701550D25F4}.Debug|x86.Build.0 = Debug|Win32
		{14A902BE-92CB-4B4B-BE69-3701550D25F4}.Release|x64.ActiveCfg = Release|x64
		{14A902BE-92CB-4B4B-BE69-3701550D25F4}.Release|x64.Build.0 = Release|x64
		{14A902BE-92CB-4B4B-BE69-3701550D25F4}.Release|x86.ActiveCfg = Release|Win32
		{14A902BE-92CB-4B4B-BE69-3701550D25F4}.Release|x86.Build.0 = Release|Win32
	EndGlobalSection
	GlobalSection(SolutionProperties) = preSolution
		HideSolutionNode = FALSE
	EndGlobalSection
	GlobalSection(ExtensibilityGlobals) = postSolution
		SolutionGuid = {67E2F5F5-F2F0-45FC-9DA7-2A508F749ECD}
	EndGlobalSection
EndGlobal
